
Microsoft Visual Studio Solution File, Format Version 12.00
# Visual Studio Version 17
VisualStudioVersion = 17.4.33205.214
MinimumVisualStudioVersion = 10.0.40219.1
Project("{9A19103F-16F7-4668-BE54-9A1E7A4F7556}") = "UniversityApiBackEnd", "UniversityApiBackEnd\UniversityApiBackEnd.csproj", "{D3A4D99C-59EB-4252-8237-0783F57CC775}"
EndProject
Global
	GlobalSection(SolutionConfigurationPlatforms) = preSolution
		Debug|Any CPU = Debug|Any CPU
		Release|Any CPU = Release|Any CPU
	EndGlobalSection
	GlobalSection(ProjectConfigurationPlatforms) = postSolution
		{D3A4D99C-59EB-4252-8237-0783F57CC775}.Debug|Any CPU.ActiveCfg = Debug|Any CPU
		{D3A4D99C-59EB-4252-8237-0783F57CC775}.Debug|Any CPU.Build.0 = Debug|Any CPU
		{D3A4D99C-59EB-4252-8237-0783F57CC775}.Release|Any CPU.ActiveCfg = Release|Any CPU
		{D3A4D99C-59EB-4252-8237-0783F57CC775}.Release|Any CPU.Build.0 = Release|Any CPU
	EndGlobalSection
	GlobalSection(SolutionProperties) = preSolution
		HideSolutionNode = FALSE
	EndGlobalSection
	GlobalSection(ExtensibilityGlobals) = postSolution
		SolutionGuid = {77850732-0785-4DA1-9880-F54145D25B13}
	EndGlobalSection
EndGlobal
